{
    "_readme": [
        "This file locks the dependencies of your project to a known state",
        "Read more about it at https://getcomposer.org/doc/01-basic-usage.md#installing-dependencies",
        "This file is @generated automatically"
    ],
    "content-hash": "1fd9eab9c5076c0d4865b3ea0f3f91a3",
    "packages": [
        {
            "name": "wikimedia/less.php",
            "version": "v4.1.1",
            "source": {
                "type": "git",
                "url": "https://github.com/wikimedia/less.php.git",
                "reference": "7c814ca156716e7b46ad84ac038bf298ff91cbb4"
            },
            "dist": {
                "type": "zip",
                "url": "https://api.github.com/repos/wikimedia/less.php/zipball/7c814ca156716e7b46ad84ac038bf298ff91cbb4",
                "reference": "7c814ca156716e7b46ad84ac038bf298ff91cbb4",
                "shasum": ""
            },
            "require": {
                "php": ">=7.4.3"
            },
            "require-dev": {
                "mediawiki/mediawiki-codesniffer": "41.0.0",
                "mediawiki/mediawiki-phan-config": "0.12.1",
                "mediawiki/minus-x": "1.1.1",
                "php-parallel-lint/php-console-highlighter": "1.0.0",
                "php-parallel-lint/php-parallel-lint": "1.3.2",
                "phpunit/phpunit": "9.5.28"
            },
            "bin": [
                "bin/lessc"
            ],
            "type": "library",
            "autoload": {
                "psr-0": {
                    "Less": "lib/"
                },
                "classmap": [
                    "lessc.inc.php"
                ]
            },
            "notification-url": "https://packagist.org/downloads/",
            "license": [
                "Apache-2.0"
            ],
            "authors": [
                {
                    "name": "Timo Tijhof",
                    "homepage": "https://timotijhof.net"
                },
                {
                    "name": "Josh Schmidt",
                    "homepage": "https://github.com/oyejorge"
                },
                {
                    "name": "Matt Agar",
                    "homepage": "https://github.com/agar"
                },
                {
                    "name": "Martin Jantošovič",
                    "homepage": "https://github.com/Mordred"
                }
            ],
            "description": "PHP port of the LESS processor",
            "homepage": "https://gerrit.wikimedia.org/g/mediawiki/libs/less.php",
            "keywords": [
                "css",
                "less",
                "less.js",
                "lesscss",
                "php",
                "stylesheet"
            ],
            "support": {
                "issues": "https://github.com/wikimedia/less.php/issues",
                "source": "https://github.com/wikimedia/less.php/tree/v4.1.1"
            },
            "time": "2023-08-01T14:54:27+00:00"
        }
    ],
    "packages-dev": [],
    "aliases": [],
    "minimum-stability": "stable",
    "stability-flags": [],
    "prefer-stable": false,
    "prefer-lowest": false,
    "platform": {
        "php": ">=7.4"
    },
    "platform-dev": [],
    "plugin-api-version": "2.3.0"
}
